
Microsoft Visual Studio Solution File, Format Version 12.00
# Visual Studio Version 16
VisualStudioVersion = 16.0.30114.105
MinimumVisualStudioVersion = 10.0.40219.1
Project("{FAE04EC0-301F-11D3-BF4B-00C04F79EFBC}") = "SportsStore", "SportsStore\SportsStore.csproj", "{C9C31F4D-8372-4A0D-A7C4-A28C855604F9}"
EndProject
Project("{FAE04EC0-301F-11D3-BF4B-00C04F79EFBC}") = "SportsStore.Tests", "SportsStore.Tests\SportsStore.Tests.csproj", "{5775F694-C2F1-49FC-90AF-C796FD34721A}"
EndProject
Global
	GlobalSection(SolutionConfigurationPlatforms) = preSolution
		Debug|Any CPU = Debug|Any CPU
		Release|Any CPU = Release|Any CPU
	EndGlobalSection
	GlobalSection(SolutionProperties) = preSolution
		HideSolutionNode = FALSE
	EndGlobalSection
	GlobalSection(ProjectConfigurationPlatforms) = postSolution
		{C9C31F4D-8372-4A0D-A7C4-A28C855604F9}.Debug|Any CPU.ActiveCfg = Debug|Any CPU
		{C9C31F4D-8372-4A0D-A7C4-A28C855604F9}.Debug|Any CPU.Build.0 = Debug|Any CPU
		{C9C31F4D-8372-4A0D-A7C4-A28C855604F9}.Release|Any CPU.ActiveCfg = Release|Any CPU
		{C9C31F4D-8372-4A0D-A7C4-A28C855604F9}.Release|Any CPU.Build.0 = Release|Any CPU
		{5775F694-C2F1-49FC-90AF-C796FD34721A}.Debug|Any CPU.ActiveCfg = Debug|Any CPU
		{5775F694-C2F1-49FC-90AF-C796FD34721A}.Debug|Any CPU.Build.0 = Debug|Any CPU
		{5775F694-C2F1-49FC-90AF-C796FD34721A}.Release|Any CPU.ActiveCfg = Release|Any CPU
		{5775F694-C2F1-49FC-90AF-C796FD34721A}.Release|Any CPU.Build.0 = Release|Any CPU
	EndGlobalSection
EndGlobal
