
Microsoft Visual Studio Solution File, Format Version 12.00
# Visual Studio Version 16
VisualStudioVersion = 16.0.31410.357
MinimumVisualStudioVersion = 10.0.40219.1
Project("{9A19103F-16F7-4668-BE54-9A1E7A4F7556}") = "FirstProject", "FirstProject.csproj", "{5553C86E-01CF-4E35-9B3B-5DC88B4A107C}"
EndProject
Global
	GlobalSection(SolutionConfigurationPlatforms) = preSolution
		Debug|Any CPU = Debug|Any CPU
		Release|Any CPU = Release|Any CPU
	EndGlobalSection
	GlobalSection(ProjectConfigurationPlatforms) = postSolution
		{5553C86E-01CF-4E35-9B3B-5DC88B4A107C}.Debug|Any CPU.ActiveCfg = Debug|Any CPU
		{5553C86E-01CF-4E35-9B3B-5DC88B4A107C}.Debug|Any CPU.Build.0 = Debug|Any CPU
		{5553C86E-01CF-4E35-9B3B-5DC88B4A107C}.Release|Any CPU.ActiveCfg = Release|Any CPU
		{5553C86E-01CF-4E35-9B3B-5DC88B4A107C}.Release|Any CPU.Build.0 = Release|Any CPU
	EndGlobalSection
	GlobalSection(SolutionProperties) = preSolution
		HideSolutionNode = FALSE
	EndGlobalSection
	GlobalSection(ExtensibilityGlobals) = postSolution
		SolutionGuid = {60A79783-5B0D-45E4-B6FA-FBB3BDAE0849}
	EndGlobalSection
EndGlobal
