
Microsoft Visual Studio Solution File, Format Version 12.00
# Visual Studio Version 16
VisualStudioVersion = 16.0.30114.105
MinimumVisualStudioVersion = 10.0.40219.1
Project("{FAE04EC0-301F-11D3-BF4B-00C04F79EFBC}") = "SportsStore", "SportsStore\SportsStore.csproj", "{C8E32D5A-4C4F-4909-8C12-B9EC0634DB29}"
EndProject
Project("{FAE04EC0-301F-11D3-BF4B-00C04F79EFBC}") = "SportsStore.Tests", "SportsStore.Tests\SportsStore.Tests.csproj", "{9DF301E1-259B-45CF-B224-93A3B4627777}"
EndProject
Global
	GlobalSection(SolutionConfigurationPlatforms) = preSolution
		Debug|Any CPU = Debug|Any CPU
		Release|Any CPU = Release|Any CPU
	EndGlobalSection
	GlobalSection(SolutionProperties) = preSolution
		HideSolutionNode = FALSE
	EndGlobalSection
	GlobalSection(ProjectConfigurationPlatforms) = postSolution
		{C8E32D5A-4C4F-4909-8C12-B9EC0634DB29}.Debug|Any CPU.ActiveCfg = Debug|Any CPU
		{C8E32D5A-4C4F-4909-8C12-B9EC0634DB29}.Debug|Any CPU.Build.0 = Debug|Any CPU
		{C8E32D5A-4C4F-4909-8C12-B9EC0634DB29}.Release|Any CPU.ActiveCfg = Release|Any CPU
		{C8E32D5A-4C4F-4909-8C12-B9EC0634DB29}.Release|Any CPU.Build.0 = Release|Any CPU
		{9DF301E1-259B-45CF-B224-93A3B4627777}.Debug|Any CPU.ActiveCfg = Debug|Any CPU
		{9DF301E1-259B-45CF-B224-93A3B4627777}.Debug|Any CPU.Build.0 = Debug|Any CPU
		{9DF301E1-259B-45CF-B224-93A3B4627777}.Release|Any CPU.ActiveCfg = Release|Any CPU
		{9DF301E1-259B-45CF-B224-93A3B4627777}.Release|Any CPU.Build.0 = Release|Any CPU
	EndGlobalSection
EndGlobal
